{
  "nodes": {
    "nixpkgs": {
      "locked": {
        "lastModified": 1758346548,
        "narHash": "sha256-afXE7AJ7MY6wY1pg/Y6UPHNYPy5GtUKeBkrZZ/gC71E=",
        "owner": "NixOS",
        "repo": "nixpkgs",
        "rev": "b2a3852bd078e68dd2b3dfa8c00c67af1f0a7d20",
        "type": "github"
      },
      "original": {
        "owner": "NixOS",
        "ref": "nixos-25.05",
        "repo": "nixpkgs",
        "type": "github"
      }
    },
    "nixpkgs_2": {
      "locked": {
        "lastModified": 1758346548,
        "narHash": "sha256-afXE7AJ7MY6wY1pg/Y6UPHNYPy5GtUKeBkrZZ/gC71E=",
        "owner": "NixOS",
        "repo": "nixpkgs",
        "rev": "b2a3852bd078e68dd2b3dfa8c00c67af1f0a7d20",
        "type": "github"
      },
      "original": {
        "owner": "NixOS",
        "ref": "nixos-25.05",
        "repo": "nixpkgs",
        "type": "github"
      }
    },
    "root": {
      "inputs": {
        "nixpkgs": "nixpkgs",
        "wasi-sdk": "wasi-sdk"
      }
    },
    "wasi-sdk": {
      "inputs": {
        "nixpkgs": "nixpkgs_2"
      },
      "locked": {
        "lastModified": 1758484155,
        "narHash": "sha256-QMIhrAev2Cc+GKmz5G8o2MOkInyUxMeMav2hIg5TWr4=",
        "owner": "Frooastside",
        "repo": "nix-wasi-sdk",
        "rev": "3a23034b76e090874549d7739e3e338d31df5a07",
        "type": "github"
      },
      "original": {
        "owner": "Frooastside",
        "repo": "nix-wasi-sdk",
        "type": "github"
      }
    }
  },
  "root": "root",
  "version": 7
}
